// !$*UTF8*$!
{
	archiveVersion = 1;
	classes = {
	};
	objectVersion = 50;
	objects = {

/* Begin PBXBuildFile section */
		AF83777223D0CD4C00811F0B /* AppDelegate.swift in Sources */ = {isa = PBXBuildFile; fileRef = AF83777123D0CD4C00811F0B /* AppDelegate.swift */; };
		AF83777423D0CD4C00811F0B /* SceneDelegate.swift in Sources */ = {isa = PBXBuildFile; fileRef = AF83777323D0CD4C00811F0B /* SceneDelegate.swift */; };
		AF83777623D0CD4C00811F0B /* MasterViewController.swift in Sources */ = {isa = PBXBuildFile; fileRef = AF83777523D0CD4C00811F0B /* MasterViewController.swift */; };
		AF83777823D0CD4C00811F0B /* DetailViewController.swift in Sources */ = {isa = PBXBuildFile; fileRef = AF83777723D0CD4C00811F0B /* DetailViewController.swift */; };
		AF83777B23D0CD4D00811F0B /* Main.storyboard in Resources */ = {isa = PBXBuildFile; fileRef = AF83777923D0CD4C00811F0B /* Main.storyboard */; };
		AF83777D23D0CD5000811F0B /* Assets.xcassets in Resources */ = {isa = PBXBuildFile; fileRef = AF83777C23D0CD5000811F0B /* Assets.xcassets */; };
		AF83778023D0CD5000811F0B /* LaunchScreen.storyboard in Resources */ = {isa = PBXBuildFile; fileRef = AF83777E23D0CD5000811F0B /* LaunchScreen.storyboard */; };
/* End PBXBuildFile section */

/* Begin PBXFileReference section */
		AF83776E23D0CD4C00811F0B /* Assignment Notebook.app */ = {isa = PBXFileReference; explicitFileType = wrapper.application; includeInIndex = 0; path = "Assignment Notebook.app"; sourceTree = BUILT_PRODUCTS_DIR; };
		AF83777123D0CD4C00811F0B /* AppDelegate.swift */ = {isa = PBXFileReference; lastKnownFileType = sourcecode.swift; path = AppDelegate.swift; sourceTree = "<group>"; };
		AF83777323D0CD4C00811F0B /* SceneDelegate.swift */ = {isa = PBXFileReference; lastKnownFileType = sourcecode.swift; path = SceneDelegate.swift; sourceTree = "<group>"; };
		AF83777523D0CD4C00811F0B /* MasterViewController.swift */ = {isa = PBXFileReference; lastKnownFileType = sourcecode.swift; path = MasterViewController.swift; sourceTree = "<group>"; };
		AF83777723D0CD4C00811F0B /* DetailViewController.swift */ = {isa = PBXFileReference; lastKnownFileType = sourcecode.swift; path = DetailViewController.swift; sourceTree = "<group>"; };
		AF83777A23D0CD4C00811F0B /* Base */ = {isa = PBXFileReference; lastKnownFileType = file.storyboard; name = Base; path = Base.lproj/Main.storyboard; sourceTree = "<group>"; };
		AF83777C23D0CD5000811F0B /* Assets.xcassets */ = {isa = PBXFileReference; lastKnownFileType = folder.assetcatalog; path = Assets.xcassets; sourceTree = "<group>"; };
		AF83777F23D0CD5000811F0B /* Base */ = {isa = PBXFileReference; lastKnownFileType = file.storyboard; name = Base; path = Base.lproj/LaunchScreen.storyboard; sourceTree = "<group>"; };
		AF83778123D0CD5000811F0B /* Info.plist */ = {isa = PBXFileReference; lastKnownFileType = text.plist.xml; path = Info.plist; sourceTree = "<group>"; };
/* End PBXFileReference section */

/* Begin PBXFrameworksBuildPhase section */
		AF83776B23D0CD4C00811F0B /* Frameworks */ = {
			isa = PBXFrameworksBuildPhase;
			buildActionMask = 2147483647;
			files = (
			);
			runOnlyForDeploymentPostprocessing = 0;
		};
/* End PBXFrameworksBuildPhase section */

/* Begin PBXGroup section */
		AF83776523D0CD4C00811F0B = {
			isa = PBXGroup;
			children = (
				AF83777023D0CD4C00811F0B /* Assignment Notebook */,
				AF83776F23D0CD4C00811F0B /* Products */,
			);
			sourceTree = "<group>";
		};
		AF83776F23D0CD4C00811F0B /* Products */ = {
			isa = PBXGroup;
			children = (
				AF83776E23D0CD4C00811F0B /* Assignment Notebook.app */,
			);
			name = Products;
			sourceTree = "<group>";
		};
		AF83777023D0CD4C00811F0B /* Assignment Notebook */ = {
			isa = PBXGroup;
			children = (
				AF83777123D0CD4C00811F0B /* AppDelegate.swift */,
				AF83777323D0CD4C00811F0B /* SceneDelegate.swift */,
				AF83777523D0CD4C00811F0B /* MasterViewController.swift */,
				AF83777723D0CD4C00811F0B /* DetailViewController.swift */,
				AF83777923D0CD4C00811F0B /* Main.storyboard */,
				AF83777C23D0CD5000811F0B /* Assets.xcassets */,
				AF83777E23D0CD5000811F0B /* LaunchScreen.storyboard */,
				AF83778123D0CD5000811F0B /* Info.plist */,
			);
			path = "Assignment Notebook";
			sourceTree = "<group>";
		};
/* End PBXGroup section */

/* Begin PBXNativeTarget section */
		AF83776D23D0CD4C00811F0B /* Assignment Notebook */ = {
			isa = PBXNativeTarget;
			buildConfigurationList = AF83778423D0CD5000811F0B /* Build configuration list for PBXNativeTarget "Assignment Notebook" */;
			buildPhases = (
				AF83776A23D0CD4C00811F0B /* Sources */,
				AF83776B23D0CD4C00811F0B /* Frameworks */,
				AF83776C23D0CD4C00811F0B /* Resources */,
			);
			buildRules = (
			);
			dependencies = (
			);
			name = "Assignment Notebook";
			productName = "Assignment Notebook";
			productReference = AF83776E23D0CD4C00811F0B /* Assignment Notebook.app */;
			productType = "com.apple.product-type.application";
		};
/* End PBXNativeTarget section */

/* Begin PBXProject section */
		AF83776623D0CD4C00811F0B /* Project object */ = {
			isa = PBXProject;
			attributes = {
				LastSwiftUpdateCheck = 1130;
				LastUpgradeCheck = 1130;
				ORGANIZATIONNAME = "Andrew Coon";
				TargetAttributes = {
					AF83776D23D0CD4C00811F0B = {
						CreatedOnToolsVersion = 11.3.1;
					};
				};
			};
			buildConfigurationList = AF83776923D0CD4C00811F0B /* Build configuration list for PBXProject "Assignment Notebook" */;
			compatibilityVersion = "Xcode 9.3";
			developmentRegion = en;
			hasScannedForEncodings = 0;
			knownRegions = (
				en,
				Base,
			);
			mainGroup = AF83776523D0CD4C00811F0B;
			productRefGroup = AF83776F23D0CD4C00811F0B /* Products */;
			projectDirPath = "";
			projectRoot = "";
			targets = (
				AF83776D23D0CD4C00811F0B /* Assignment Notebook */,
			);
		};
/* End PBXProject section */

/* Begin PBXResourcesBuildPhase section */
		AF83776C23D0CD4C00811F0B /* Resources */ = {
			isa = PBXResourcesBuildPhase;
			buildActionMask = 2147483647;
			files = (
				AF83778023D0CD5000811F0B /* LaunchScreen.storyboard in Resources */,
				AF83777D23D0CD5000811F0B /* Assets.xcassets in Resources */,
				AF83777B23D0CD4D00811F0B /* Main.storyboard in Resources */,
			);
			runOnlyForDeploymentPostprocessing = 0;
		};
/* End PBXResourcesBuildPhase section */

/* Begin PBXSourcesBuildPhase section */
		AF83776A23D0CD4C00811F0B /* Sources */ = {
			isa = PBXSourcesBuildPhase;
			buildActionMask = 2147483647;
			files = (
				AF83777223D0CD4C00811F0B /* AppDelegate.swift in Sources */,
				AF83777423D0CD4C00811F0B /* SceneDelegate.swift in Sources */,
				AF83777623D0CD4C00811F0B /* MasterViewController.swift in Sources */,
				AF83777823D0CD4C00811F0B /* DetailViewController.swift in Sources */,
			);
			runOnlyForDeploymentPostprocessing = 0;
		};
/* End PBXSourcesBuildPhase section */

/* Begin PBXVariantGroup section */
		AF83777923D0CD4C00811F0B /* Main.storyboard */ = {
			isa = PBXVariantGroup;
			children = (
				AF83777A23D0CD4C00811F0B /* Base */,
			);
			name = Main.storyboard;
			sourceTree = "<group>";
		};
		AF83777E23D0CD5000811F0B /* LaunchScreen.storyboard */ = {
			isa = PBXVariantGroup;
			children = (
				AF83777F23D0CD5000811F0B /* Base */,
			);
			name = LaunchScreen.storyboard;
			sourceTree = "<group>";
		};
/* End PBXVariantGroup section */

/* Begin XCBuildConfiguration section */
		AF83778223D0CD5000811F0B /* Debug */ = {
			isa = XCBuildConfiguration;
			buildSettings = {
				ALWAYS_SEARCH_USER_PATHS = NO;
				CLANG_ANALYZER_NONNULL = YES;
				CLANG_ANALYZER_NUMBER_OBJECT_CONVERSION = YES_AGGRESSIVE;
				CLANG_CXX_LANGUAGE_STANDARD = "gnu++14";
				CLANG_CXX_LIBRARY = "libc++";
				CLANG_ENABLE_MODULES = YES;
				CLANG_ENABLE_OBJC_ARC = YES;
				CLANG_ENABLE_OBJC_WEAK = YES;
				CLANG_WARN_BLOCK_CAPTURE_AUTORELEASING = YES;
				CLANG_WARN_BOOL_CONVERSION = YES;
				CLANG_WARN_COMMA = YES;
				CLANG_WARN_CONSTANT_CONVERSION = YES;
				CLANG_WARN_DEPRECATED_OBJC_IMPLEMENTATIONS = YES;
				CLANG_WARN_DIRECT_OBJC_ISA_USAGE = YES_ERROR;
				CLANG_WARN_DOCUMENTATION_COMMENTS = YES;
				CLANG_WARN_EMPTY_BODY = YES;
				CLANG_WARN_ENUM_CONVERSION = YES;
				CLANG_WARN_INFINITE_RECURSION = YES;
				CLANG_WARN_INT_CONVERSION = YES;
				CLANG_WARN_NON_LITERAL_NULL_CONVERSION = YES;
				CLANG_WARN_OBJC_IMPLICIT_RETAIN_SELF = YES;
				CLANG_WARN_OBJC_LITERAL_CONVERSION = YES;
				CLANG_WARN_OBJC_ROOT_CLASS = YES_ERROR;
				CLANG_WARN_RANGE_LOOP_ANALYSIS = YES;
				CLANG_WARN_STRICT_PROTOTYPES = YES;
				CLANG_WARN_SUSPICIOUS_MOVE = YES;
				CLANG_WARN_UNGUARDED_AVAILABILITY = YES_AGGRESSIVE;
				CLANG_WARN_UNREACHABLE_CODE = YES;
				CLANG_WARN__DUPLICATE_METHOD_MATCH = YES;
				COPY_PHASE_STRIP = NO;
				DEBUG_INFORMATION_FORMAT = dwarf;
				ENABLE_STRICT_OBJC_MSGSEND = YES;
				ENABLE_TESTABILITY = YES;
				GCC_C_LANGUAGE_STANDARD = gnu11;
				GCC_DYNAMIC_NO_PIC = NO;
				GCC_NO_COMMON_BLOCKS = YES;
				GCC_OPTIMIZATION_LEVEL = 0;
				GCC_PREPROCESSOR_DEFINITIONS = (
					"DEBUG=1",
					"$(inherited)",
				);
				GCC_WARN_64_TO_32_BIT_CONVERSION = YES;
				GCC_WARN_ABOUT_RETURN_TYPE = YES_ERROR;
				GCC_WARN_UNDECLARED_SELECTOR = YES;
				GCC_WARN_UNINITIALIZED_AUTOS = YES_AGGRESSIVE;
				GCC_WARN_UNUSED_FUNCTION = YES;
				GCC_WARN_UNUSED_VARIABLE = YES;
				IPHONEOS_DEPLOYMENT_TARGET = 13.2;
				MTL_ENABLE_DEBUG_INFO = INCLUDE_SOURCE;
				MTL_FAST_MATH = YES;
				ONLY_ACTIVE_ARCH = YES;
				SDKROOT = iphoneos;
				SWIFT_ACTIVE_COMPILATION_CONDITIONS = DEBUG;
				SWIFT_OPTIMIZATION_LEVEL = "-Onone";
			};
			name = Debug;
		};
		AF83778323D0CD5000811F0B /* Release */ = {
			isa = XCBuildConfiguration;
			buildSettings = {
				ALWAYS_SEARCH_USER_PATHS = NO;
				CLANG_ANALYZER_NONNULL = YES;
				CLANG_ANALYZER_NUMBER_OBJECT_CONVERSION = YES_AGGRESSIVE;
				CLANG_CXX_LANGUAGE_STANDARD = "gnu++14";
				CLANG_CXX_LIBRARY = "libc++";
				CLANG_ENABLE_MODULES = YES;
				CLANG_ENABLE_OBJC_ARC = YES;
				CLANG_ENABLE_OBJC_WEAK = YES;
				CLANG_WARN_BLOCK_CAPTURE_AUTORELEASING = YES;
				CLANG_WARN_BOOL_CONVERSION = YES;
				CLANG_WARN_COMMA = YES;
				CLANG_WARN_CONSTANT_CONVERSION = YES;
				CLANG_WARN_DEPRECATED_OBJC_IMPLEMENTATIONS = YES;
				CLANG_WARN_DIRECT_OBJC_ISA_USAGE = YES_ERROR;
				CLANG_WARN_DOCUMENTATION_COMMENTS = YES;
				CLANG_WARN_EMPTY_BODY = YES;
				CLANG_WARN_ENUM_CONVERSION = YES;
				CLANG_WARN_INFINITE_RECURSION = YES;
				CLANG_WARN_INT_CONVERSION = YES;
				CLANG_WARN_NON_LITERAL_NULL_CONVERSION = YES;
				CLANG_WARN_OBJC_IMPLICIT_RETAIN_SELF = YES;
				CLANG_WARN_OBJC_LITERAL_CONVERSION = YES;
				CLANG_WARN_OBJC_ROOT_CLASS = YES_ERROR;
				CLANG_WARN_RANGE_LOOP_ANALYSIS = YES;
				CLANG_WARN_STRICT_PROTOTYPES = YES;
				CLANG_WARN_SUSPICIOUS_MOVE = YES;
				CLANG_WARN_UNGUARDED_AVAILABILITY = YES_AGGRESSIVE;
				CLANG_WARN_UNREACHABLE_CODE = YES;
				CLANG_WARN__DUPLICATE_METHOD_MATCH = YES;
				COPY_PHASE_STRIP = NO;
				DEBUG_INFORMATION_FORMAT = "dwarf-with-dsym";
				ENABLE_NS_ASSERTIONS = NO;
				ENABLE_STRICT_OBJC_MSGSEND = YES;
				GCC_C_LANGUAGE_STANDARD = gnu11;
				GCC_NO_COMMON_BLOCKS = YES;
				GCC_WARN_64_TO_32_BIT_CONVERSION = YES;
				GCC_WARN_ABOUT_RETURN_TYPE = YES_ERROR;
				GCC_WARN_UNDECLARED_SELECTOR = YES;
				GCC_WARN_UNINITIALIZED_AUTOS = YES_AGGRESSIVE;
				GCC_WARN_UNUSED_FUNCTION = YES;
				GCC_WARN_UNUSED_VARIABLE = YES;
				IPHONEOS_DEPLOYMENT_TARGET = 13.2;
				MTL_ENABLE_DEBUG_INFO = NO;
				MTL_FAST_MATH = YES;
				SDKROOT = iphoneos;
				SWIFT_COMPILATION_MODE = wholemodule;
				SWIFT_OPTIMIZATION_LEVEL = "-O";
				VALIDATE_PRODUCT = YES;
			};
			name = Release;
		};
		AF83778523D0CD5000811F0B /* Debug */ = {
			isa = XCBuildConfiguration;
			buildSettings = {
				ASSETCATALOG_COMPILER_APPICON_NAME = AppIcon;
				CODE_SIGN_STYLE = Automatic;
				INFOPLIST_FILE = "Assignment Notebook/Info.plist";
				LD_RUNPATH_SEARCH_PATHS = (
					"$(inherited)",
					"@executable_path/Frameworks",
				);
				PRODUCT_BUNDLE_IDENTIFIER = "Prestige-Worldwide.Assignment-Notebook";
				PRODUCT_NAME = "$(TARGET_NAME)";
				SWIFT_VERSION = 5.0;
				TARGETED_DEVICE_FAMILY = "1,2";
			};
			name = Debug;
		};
		AF83778623D0CD5000811F0B /* Release */ = {
			isa = XCBuildConfiguration;
			buildSettings = {
				ASSETCATALOG_COMPILER_APPICON_NAME = AppIcon;
				CODE_SIGN_STYLE = Automatic;
				INFOPLIST_FILE = "Assignment Notebook/Info.plist";
				LD_RUNPATH_SEARCH_PATHS = (
					"$(inherited)",
					"@executable_path/Frameworks",
				);
				PRODUCT_BUNDLE_IDENTIFIER = "Prestige-Worldwide.Assignment-Notebook";
				PRODUCT_NAME = "$(TARGET_NAME)";
				SWIFT_VERSION = 5.0;
				TARGETED_DEVICE_FAMILY = "1,2";
			};
			name = Release;
		};
/* End XCBuildConfiguration section */

/* Begin XCConfigurationList section */
		AF83776923D0CD4C00811F0B /* Build configuration list for PBXProject "Assignment Notebook" */ = {
			isa = XCConfigurationList;
			buildConfigurations = (
				AF83778223D0CD5000811F0B /* Debug */,
				AF83778323D0CD5000811F0B /* Release */,
			);
			defaultConfigurationIsVisible = 0;
			defaultConfigurationName = Release;
		};
		AF83778423D0CD5000811F0B /* Build configuration list for PBXNativeTarget "Assignment Notebook" */ = {
			isa = XCConfigurationList;
			buildConfigurations = (
				AF83778523D0CD5000811F0B /* Debug */,
				AF83778623D0CD5000811F0B /* Release */,
			);
			defaultConfigurationIsVisible = 0;
			defaultConfigurationName = Release;
		};
/* End XCConfigurationList section */
	};
	rootObject = AF83776623D0CD4C00811F0B /* Project object */;
}
